
Microsoft Visual Studio Solution File, Format Version 12.00
# Visual Studio Version 16
VisualStudioVersion = 16.0.30002.166
MinimumVisualStudioVersion = 10.0.40219.1
Project("{FAE04EC0-301F-11D3-BF4B-00C04F79EFBC}") = "A891609.Actividad01", "A891609.Actividad01\A891609.Actividad01.csproj", "{6D1D7BD7-54B6-457C-A184-AB58F3DD2BFE}"
EndProject
Global
	GlobalSection(SolutionConfigurationPlatforms) = preSolution
		Debug|Any CPU = Debug|Any CPU
		Release|Any CPU = Release|Any CPU
	EndGlobalSection
	GlobalSection(ProjectConfigurationPlatforms) = postSolution
		{6D1D7BD7-54B6-457C-A184-AB58F3DD2BFE}.Debug|Any CPU.ActiveCfg = Debug|Any CPU
		{6D1D7BD7-54B6-457C-A184-AB58F3DD2BFE}.Debug|Any CPU.Build.0 = Debug|Any CPU
		{6D1D7BD7-54B6-457C-A184-AB58F3DD2BFE}.Release|Any CPU.ActiveCfg = Release|Any CPU
		{6D1D7BD7-54B6-457C-A184-AB58F3DD2BFE}.Release|Any CPU.Build.0 = Release|Any CPU
	EndGlobalSection
	GlobalSection(SolutionProperties) = preSolution
		HideSolutionNode = FALSE
	EndGlobalSection
	GlobalSection(ExtensibilityGlobals) = postSolution
		SolutionGuid = {BA9E6C58-2793-4EF1-BF53-5269FEE4A422}
	EndGlobalSection
EndGlobal
